{
  "object": {
    "pins": [
      {
        "package": "CryptoSwift",
        "repositoryURL": "https://github.com/krzyzanowskim/CryptoSwift.git",
        "state": {
          "branch": null,
          "revision": "3a2acbb32ab68215ee1596ee6004da8e90c3721b",
          "version": "1.0.0"
        }
      },
      {
        "package": "secp256k1",
        "repositoryURL": "https://github.com/status-im/secp256k1.swift.git",
        "state": {
          "branch": "master",
          "revision": "d2c49786e9245d77f4eba6ce78a87f87506623c5",
          "version": null
        }
      }
    ]
  },
  "version": 1
}
