{
  "object": {
    "pins": [
      {
        "package": "CryptoSwift",
        "repositoryURL": "https://github.com/krzyzanowskim/CryptoSwift.git",
        "state": {
          "branch": null,
          "revision": "3a2acbb32ab68215ee1596ee6004da8e90c3721b",
          "version": "1.0.0"
        }
      },
      {
        "package": "secp256k1",
        "repositoryURL": "https://github.com/status-im/secp256k1.swift.git",
        "state": {
          "branch": null,
          "revision": "8d9f5ae68a56fde915cafd797a8ff19ccb6b98f3",
          "version": "0.1.5"
        }
      }
    ]
  },
  "version": 1
}
