{
  "object": {
    "pins": [
      {
        "package": "CryptoSwift",
        "repositoryURL": "https://github.com/krzyzanowskim/CryptoSwift.git",
        "state": {
          "branch": null,
          "revision": "3a2acbb32ab68215ee1596ee6004da8e90c3721b",
          "version": "1.0.0"
        }
      },
      {
        "package": "Keycard",
        "repositoryURL": "/Users/dmitry/projects/gnosis/Keycard.swift",
        "state": {
          "branch": "master",
          "revision": "d9b2041898f41885a821ca3bfb0537c16d3ee915",
          "version": null
        }
      },
      {
        "package": "secp256k1",
        "repositoryURL": "https://github.com/gnosis/secp256k1.swift.git",
        "state": {
          "branch": "master",
          "revision": "43bb7f4e4cfa6317272c50b9dae4e88e53e258c0",
          "version": null
        }
      }
    ]
  },
  "version": 1
}
